Microsoft Visual Studio Solution File, Format Version 12.00
# Visual Studio Version 16
VisualStudioVersion = 16.0.0.0
MinimumVisualStudioVersion = 16.0.0.0
Project("{9A19103F-16F7-4668-BE54-9A1E7A4F7556}") = "Application.Server", "Server\Application.Server.csproj", "{DAB3A691-E015-43F5-84DF-6B4C5E8C33EB}"
EndProject
Project("{9A19103F-16F7-4668-BE54-9A1E7A4F7556}") = "Application.Client", "Client\Application.Client.csproj", "{7EF2BD9D-2848-41CF-A848-6D6E1F34E75F}"
EndProject
Project("{9A19103F-16F7-4668-BE54-9A1E7A4F7556}") = "Application.Shared", "Shared\Application.Shared.csproj", "{C88DC16B-548F-46A4-8067-71D957AFA924}"
EndProject
Project("{FAE04EC0-301F-11D3-BF4B-00C04F79EFBC}") = "Application.Github", "Github\Application.Github.csproj", "{E4066B61-D6B8-4F54-9A2F-80AA475EF414}"
EndProject
Project("{FAE04EC0-301F-11D3-BF4B-00C04F79EFBC}") = "Application.Services", "Services\Application.Services.csproj", "{DFDE967A-BF7B-4418-A52C-8C670111ACB0}"
EndProject
Global
	GlobalSection(SolutionConfigurationPlatforms) = preSolution
		Debug|Any CPU = Debug|Any CPU
		Debug|x64 = Debug|x64
		Debug|x86 = Debug|x86
		Release|Any CPU = Release|Any CPU
		Release|x64 = Release|x64
		Release|x86 = Release|x86
	EndGlobalSection
	GlobalSection(ProjectConfigurationPlatforms) = postSolution
		{7EF2BD9D-2848-41CF-A848-6D6E1F34E75F}.Debug|Any CPU.ActiveCfg = Debug|Any CPU
		{7EF2BD9D-2848-41CF-A848-6D6E1F34E75F}.Debug|Any CPU.Build.0 = Debug|Any CPU
		{7EF2BD9D-2848-41CF-A848-6D6E1F34E75F}.Debug|x64.ActiveCfg = Debug|Any CPU
		{7EF2BD9D-2848-41CF-A848-6D6E1F34E75F}.Debug|x64.Build.0 = Debug|Any CPU
		{7EF2BD9D-2848-41CF-A848-6D6E1F34E75F}.Debug|x86.ActiveCfg = Debug|Any CPU
		{7EF2BD9D-2848-41CF-A848-6D6E1F34E75F}.Debug|x86.Build.0 = Debug|Any CPU
		{7EF2BD9D-2848-41CF-A848-6D6E1F34E75F}.Release|Any CPU.ActiveCfg = Release|Any CPU
		{7EF2BD9D-2848-41CF-A848-6D6E1F34E75F}.Release|Any CPU.Build.0 = Release|Any CPU
		{7EF2BD9D-2848-41CF-A848-6D6E1F34E75F}.Release|x64.ActiveCfg = Release|Any CPU
		{7EF2BD9D-2848-41CF-A848-6D6E1F34E75F}.Release|x64.Build.0 = Release|Any CPU
		{7EF2BD9D-2848-41CF-A848-6D6E1F34E75F}.Release|x86.ActiveCfg = Release|Any CPU
		{7EF2BD9D-2848-41CF-A848-6D6E1F34E75F}.Release|x86.Build.0 = Release|Any CPU
		{DAB3A691-E015-43F5-84DF-6B4C5E8C33EB}.Debug|Any CPU.ActiveCfg = Debug|Any CPU
		{DAB3A691-E015-43F5-84DF-6B4C5E8C33EB}.Debug|Any CPU.Build.0 = Debug|Any CPU
		{DAB3A691-E015-43F5-84DF-6B4C5E8C33EB}.Debug|x64.ActiveCfg = Debug|Any CPU
		{DAB3A691-E015-43F5-84DF-6B4C5E8C33EB}.Debug|x64.Build.0 = Debug|Any CPU
		{DAB3A691-E015-43F5-84DF-6B4C5E8C33EB}.Debug|x86.ActiveCfg = Debug|Any CPU
		{DAB3A691-E015-43F5-84DF-6B4C5E8C33EB}.Debug|x86.Build.0 = Debug|Any CPU
		{DAB3A691-E015-43F5-84DF-6B4C5E8C33EB}.Release|Any CPU.ActiveCfg = Release|Any CPU
		{DAB3A691-E015-43F5-84DF-6B4C5E8C33EB}.Release|Any CPU.Build.0 = Release|Any CPU
		{DAB3A691-E015-43F5-84DF-6B4C5E8C33EB}.Release|x64.ActiveCfg = Release|Any CPU
		{DAB3A691-E015-43F5-84DF-6B4C5E8C33EB}.Release|x64.Build.0 = Release|Any CPU
		{DAB3A691-E015-43F5-84DF-6B4C5E8C33EB}.Release|x86.ActiveCfg = Release|Any CPU
		{DAB3A691-E015-43F5-84DF-6B4C5E8C33EB}.Release|x86.Build.0 = Release|Any CPU
		{C88DC16B-548F-46A4-8067-71D957AFA924}.Debug|Any CPU.ActiveCfg = Debug|Any CPU
		{C88DC16B-548F-46A4-8067-71D957AFA924}.Debug|Any CPU.Build.0 = Debug|Any CPU
		{C88DC16B-548F-46A4-8067-71D957AFA924}.Debug|x64.ActiveCfg = Debug|Any CPU
		{C88DC16B-548F-46A4-8067-71D957AFA924}.Debug|x64.Build.0 = Debug|Any CPU
		{C88DC16B-548F-46A4-8067-71D957AFA924}.Debug|x86.ActiveCfg = Debug|Any CPU
		{C88DC16B-548F-46A4-8067-71D957AFA924}.Debug|x86.Build.0 = Debug|Any CPU
		{C88DC16B-548F-46A4-8067-71D957AFA924}.Release|Any CPU.ActiveCfg = Release|Any CPU
		{C88DC16B-548F-46A4-8067-71D957AFA924}.Release|Any CPU.Build.0 = Release|Any CPU
		{C88DC16B-548F-46A4-8067-71D957AFA924}.Release|x64.ActiveCfg = Release|Any CPU
		{C88DC16B-548F-46A4-8067-71D957AFA924}.Release|x64.Build.0 = Release|Any CPU
		{C88DC16B-548F-46A4-8067-71D957AFA924}.Release|x86.ActiveCfg = Release|Any CPU
		{C88DC16B-548F-46A4-8067-71D957AFA924}.Release|x86.Build.0 = Release|Any CPU
		{E4066B61-D6B8-4F54-9A2F-80AA475EF414}.Debug|Any CPU.ActiveCfg = Debug|Any CPU
		{E4066B61-D6B8-4F54-9A2F-80AA475EF414}.Debug|Any CPU.Build.0 = Debug|Any CPU
		{E4066B61-D6B8-4F54-9A2F-80AA475EF414}.Debug|x64.ActiveCfg = Debug|Any CPU
		{E4066B61-D6B8-4F54-9A2F-80AA475EF414}.Debug|x64.Build.0 = Debug|Any CPU
		{E4066B61-D6B8-4F54-9A2F-80AA475EF414}.Debug|x86.ActiveCfg = Debug|Any CPU
		{E4066B61-D6B8-4F54-9A2F-80AA475EF414}.Debug|x86.Build.0 = Debug|Any CPU
		{E4066B61-D6B8-4F54-9A2F-80AA475EF414}.Release|Any CPU.ActiveCfg = Release|Any CPU
		{E4066B61-D6B8-4F54-9A2F-80AA475EF414}.Release|Any CPU.Build.0 = Release|Any CPU
		{E4066B61-D6B8-4F54-9A2F-80AA475EF414}.Release|x64.ActiveCfg = Release|Any CPU
		{E4066B61-D6B8-4F54-9A2F-80AA475EF414}.Release|x64.Build.0 = Release|Any CPU
		{E4066B61-D6B8-4F54-9A2F-80AA475EF414}.Release|x86.ActiveCfg = Release|Any CPU
		{E4066B61-D6B8-4F54-9A2F-80AA475EF414}.Release|x86.Build.0 = Release|Any CPU
		{DAF2C7FF-2A4D-4C06-9006-E5A77B928763}.Debug|Any CPU.ActiveCfg = Debug|Any CPU
		{DAF2C7FF-2A4D-4C06-9006-E5A77B928763}.Debug|Any CPU.Build.0 = Debug|Any CPU
		{DAF2C7FF-2A4D-4C06-9006-E5A77B928763}.Debug|x64.ActiveCfg = Debug|Any CPU
		{DAF2C7FF-2A4D-4C06-9006-E5A77B928763}.Debug|x64.Build.0 = Debug|Any CPU
		{DAF2C7FF-2A4D-4C06-9006-E5A77B928763}.Debug|x86.ActiveCfg = Debug|Any CPU
		{DAF2C7FF-2A4D-4C06-9006-E5A77B928763}.Debug|x86.Build.0 = Debug|Any CPU
		{DAF2C7FF-2A4D-4C06-9006-E5A77B928763}.Release|Any CPU.ActiveCfg = Release|Any CPU
		{DAF2C7FF-2A4D-4C06-9006-E5A77B928763}.Release|Any CPU.Build.0 = Release|Any CPU
		{DAF2C7FF-2A4D-4C06-9006-E5A77B928763}.Release|x64.ActiveCfg = Release|Any CPU
		{DAF2C7FF-2A4D-4C06-9006-E5A77B928763}.Release|x64.Build.0 = Release|Any CPU
		{DAF2C7FF-2A4D-4C06-9006-E5A77B928763}.Release|x86.ActiveCfg = Release|Any CPU
		{DAF2C7FF-2A4D-4C06-9006-E5A77B928763}.Release|x86.Build.0 = Release|Any CPU
		{DFDE967A-BF7B-4418-A52C-8C670111ACB0}.Debug|Any CPU.ActiveCfg = Debug|Any CPU
		{DFDE967A-BF7B-4418-A52C-8C670111ACB0}.Debug|Any CPU.Build.0 = Debug|Any CPU
		{DFDE967A-BF7B-4418-A52C-8C670111ACB0}.Debug|x64.ActiveCfg = Debug|Any CPU
		{DFDE967A-BF7B-4418-A52C-8C670111ACB0}.Debug|x64.Build.0 = Debug|Any CPU
		{DFDE967A-BF7B-4418-A52C-8C670111ACB0}.Debug|x86.ActiveCfg = Debug|Any CPU
		{DFDE967A-BF7B-4418-A52C-8C670111ACB0}.Debug|x86.Build.0 = Debug|Any CPU
		{DFDE967A-BF7B-4418-A52C-8C670111ACB0}.Release|Any CPU.ActiveCfg = Release|Any CPU
		{DFDE967A-BF7B-4418-A52C-8C670111ACB0}.Release|Any CPU.Build.0 = Release|Any CPU
		{DFDE967A-BF7B-4418-A52C-8C670111ACB0}.Release|x64.ActiveCfg = Release|Any CPU
		{DFDE967A-BF7B-4418-A52C-8C670111ACB0}.Release|x64.Build.0 = Release|Any CPU
		{DFDE967A-BF7B-4418-A52C-8C670111ACB0}.Release|x86.ActiveCfg = Release|Any CPU
		{DFDE967A-BF7B-4418-A52C-8C670111ACB0}.Release|x86.Build.0 = Release|Any CPU
	EndGlobalSection
	GlobalSection(SolutionProperties) = preSolution
		HideSolutionNode = FALSE
	EndGlobalSection
	GlobalSection(ExtensibilityGlobals) = postSolution
		SolutionGuid = {0AE2A8D5-9870-400D-A992-5FDA5221156D}
	EndGlobalSection
EndGlobal
